
Microsoft Visual Studio Solution File, Format Version 12.00
Project("{FAE04EC0-301F-11D3-BF4B-00C04F79EFBC}") = "BotAdminCore", "BotAdminCore\BotAdminCore.csproj", "{1922C9E9-1ED6-4247-9E40-2253E9039C67}"
EndProject
Project("{FAE04EC0-301F-11D3-BF4B-00C04F79EFBC}") = "Demo.BotAdmin", "Demo.BotAdmin\Demo.BotAdmin.csproj", "{B2112F6D-208C-476B-A58A-79C245E1CEC8}"
EndProject
Project("{2150E333-8FDC-42A3-9474-1A3956D46DE8}") = "dockergen", "dockergen", "{F7578AC7-6C64-4FDB-8120-11A51B5B2C46}"
	ProjectSection(SolutionItems) = preProject
		Dockerfile.tmpl = Dockerfile.tmpl
	EndProjectSection
EndProject
Global
	GlobalSection(SolutionConfigurationPlatforms) = preSolution
		Debug|Any CPU = Debug|Any CPU
		Release|Any CPU = Release|Any CPU
	EndGlobalSection
	GlobalSection(ProjectConfigurationPlatforms) = postSolution
		{1922C9E9-1ED6-4247-9E40-2253E9039C67}.Debug|Any CPU.ActiveCfg = Debug|Any CPU
		{1922C9E9-1ED6-4247-9E40-2253E9039C67}.Debug|Any CPU.Build.0 = Debug|Any CPU
		{1922C9E9-1ED6-4247-9E40-2253E9039C67}.Release|Any CPU.ActiveCfg = Release|Any CPU
		{1922C9E9-1ED6-4247-9E40-2253E9039C67}.Release|Any CPU.Build.0 = Release|Any CPU
		{B2112F6D-208C-476B-A58A-79C245E1CEC8}.Debug|Any CPU.ActiveCfg = Debug|Any CPU
		{B2112F6D-208C-476B-A58A-79C245E1CEC8}.Debug|Any CPU.Build.0 = Debug|Any CPU
		{B2112F6D-208C-476B-A58A-79C245E1CEC8}.Release|Any CPU.ActiveCfg = Release|Any CPU
		{B2112F6D-208C-476B-A58A-79C245E1CEC8}.Release|Any CPU.Build.0 = Release|Any CPU
	EndGlobalSection
EndGlobal
